
Microsoft Visual Studio Solution File, Format Version 12.00
# Visual Studio Version 17
VisualStudioVersion = 17.3.32922.545
MinimumVisualStudioVersion = 10.0.40219.1
Project("{FAE04EC0-301F-11D3-BF4B-00C04F79EFBC}") = "HyperYaku", "HyperYaku.csproj", "{D81D129F-3E51-4F6A-A215-D562D79770CF}"
EndProject
Global
	GlobalSection(SolutionConfigurationPlatforms) = preSolution
		Debug|Any CPU = Debug|Any CPU
		Release|Any CPU = Release|Any CPU
	EndGlobalSection
	GlobalSection(ProjectConfigurationPlatforms) = postSolution
		{D81D129F-3E51-4F6A-A215-D562D79770CF}.Debug|Any CPU.ActiveCfg = Debug|Any CPU
		{D81D129F-3E51-4F6A-A215-D562D79770CF}.Debug|Any CPU.Build.0 = Debug|Any CPU
		{D81D129F-3E51-4F6A-A215-D562D79770CF}.Release|Any CPU.ActiveCfg = Release|Any CPU
		{D81D129F-3E51-4F6A-A215-D562D79770CF}.Release|Any CPU.Build.0 = Release|Any CPU
	EndGlobalSection
	GlobalSection(SolutionProperties) = preSolution
		HideSolutionNode = FALSE
	EndGlobalSection
	GlobalSection(ExtensibilityGlobals) = postSolution
		SolutionGuid = {989D14CA-C29A-42B7-909E-92176A458993}
	EndGlobalSection
EndGlobal
